
Microsoft Visual Studio Solution File, Format Version 12.00
# Visual Studio Version 17
VisualStudioVersion = 17.7.34003.232
MinimumVisualStudioVersion = 10.0.40219.1
Project("{FAE04EC0-301F-11D3-BF4B-00C04F79EFBC}") = "zmienne", "zmienne\zmienne.csproj", "{A47967EC-FD3D-4A6D-81C8-5BF4F3B81170}"
EndProject
Global
	GlobalSection(SolutionConfigurationPlatforms) = preSolution
		Debug|Any CPU = Debug|Any CPU
		Release|Any CPU = Release|Any CPU
	EndGlobalSection
	GlobalSection(ProjectConfigurationPlatforms) = postSolution
		{A47967EC-FD3D-4A6D-81C8-5BF4F3B81170}.Debug|Any CPU.ActiveCfg = Debug|Any CPU
		{A47967EC-FD3D-4A6D-81C8-5BF4F3B81170}.Debug|Any CPU.Build.0 = Debug|Any CPU
		{A47967EC-FD3D-4A6D-81C8-5BF4F3B81170}.Release|Any CPU.ActiveCfg = Release|Any CPU
		{A47967EC-FD3D-4A6D-81C8-5BF4F3B81170}.Release|Any CPU.Build.0 = Release|Any CPU
	EndGlobalSection
	GlobalSection(SolutionProperties) = preSolution
		HideSolutionNode = FALSE
	EndGlobalSection
	GlobalSection(ExtensibilityGlobals) = postSolution
		SolutionGuid = {28285A22-29B5-4EC7-A6B5-EA6D8E8C29B8}
	EndGlobalSection
EndGlobal
